# Proof2Stim version record. UNRESOLVED entries must be replaced after bootstrap.
format_version=1
recorded_utc=2026-09-03

[upstream]
nvdla_repository=https://github.com/nvdla/hw.git
nvdla_ref=nvdlav1
nvdla_commit=8e06b1b9d85aab65b40d43d08eec5ea4681ff715
chia_repository=https://github.com/ucb-bar/chia.git
chia_ref=main
chia_commit=a2c4dae46528055efa59444d54832336851f633f

[observed_local]
python=3.12.3
git=2.43.0
make=4.3

[verification]
distribution=oss-cad-suite
distribution_release=2026-09-03
distribution_archive=oss-cad-suite-linux-x64-20260903.tgz
distribution_sha256=35544965a37a2dba015586a7bb6e52ec65c59f7b62aeb18effe43501c4d3f551
verilator=5.051-devel-v5.050-308-gc917f04c6
yosys=0.68+182-0bf55a858
symbiyosys=0.68
boolector=3.2.4
cocotb=2.1.0.dev0+41564633
iverilog=14.0-devel-s20260301-394-g9edaf7b6a

[orchestration]
chialoops=1.0.1
ray=2.54.0
